
Microsoft Visual Studio Solution File, Format Version 12.00
# Visual Studio Version 17
VisualStudioVersion = 17.7.34221.43
MinimumVisualStudioVersion = 10.0.40219.1
Project("{FAE04EC0-301F-11D3-BF4B-00C04F79EFBC}") = "zins2", "zins2\zins2.csproj", "{1D00680A-E85F-475C-89AE-ED7EEFE5AE4F}"
EndProject
Global
	GlobalSection(SolutionConfigurationPlatforms) = preSolution
		Debug|Any CPU = Debug|Any CPU
		Release|Any CPU = Release|Any CPU
	EndGlobalSection
	GlobalSection(ProjectConfigurationPlatforms) = postSolution
		{1D00680A-E85F-475C-89AE-ED7EEFE5AE4F}.Debug|Any CPU.ActiveCfg = Debug|Any CPU
		{1D00680A-E85F-475C-89AE-ED7EEFE5AE4F}.Debug|Any CPU.Build.0 = Debug|Any CPU
		{1D00680A-E85F-475C-89AE-ED7EEFE5AE4F}.Release|Any CPU.ActiveCfg = Release|Any CPU
		{1D00680A-E85F-475C-89AE-ED7EEFE5AE4F}.Release|Any CPU.Build.0 = Release|Any CPU
	EndGlobalSection
	GlobalSection(SolutionProperties) = preSolution
		HideSolutionNode = FALSE
	EndGlobalSection
	GlobalSection(ExtensibilityGlobals) = postSolution
		SolutionGuid = {BCBA85B2-A25E-4E58-BAEE-760D8254EF3C}
	EndGlobalSection
EndGlobal
